
Microsoft Visual Studio Solution File, Format Version 12.00
# Visual Studio Version 16
VisualStudioVersion = 16.0.31624.102
MinimumVisualStudioVersion = 10.0.40219.1
Project("{2150E333-8FDC-42A3-9474-1A3956D46DE8}") = "StringCalculator", "StringCalculator", "{E7D43946-ACC5-4333-9EA2-9B4DAB605F99}"
EndProject
Project("{2150E333-8FDC-42A3-9474-1A3956D46DE8}") = "RomanNumerals", "RomanNumerals", "{F8D33701-FCDA-4738-BDD9-425C48E6C090}"
EndProject
Project("{2150E333-8FDC-42A3-9474-1A3956D46DE8}") = "GameOfLife", "GameOfLife", "{5F7EC460-9C52-49A2-B640-26234D6B1100}"
EndProject
Project("{2150E333-8FDC-42A3-9474-1A3956D46DE8}") = "Pacman", "Pacman", "{0DFB1AE6-AB9D-45D6-A2CE-81F46326E5CE}"
EndProject
Project("{FAE04EC0-301F-11D3-BF4B-00C04F79EFBC}") = "GameOfLife.Model", "GameOfLife.Model\GameOfLife.Model.csproj", "{6E3D4878-9AE9-4FDB-9E80-FB4623F51B90}"
EndProject
Project("{FAE04EC0-301F-11D3-BF4B-00C04F79EFBC}") = "GameOfLife.ConsoleApp", "GameOfLife.ConsoleApp\GameOfLife.ConsoleApp.csproj", "{FF6EB531-172A-42A2-B898-D430E9732D30}"
EndProject
Project("{FAE04EC0-301F-11D3-BF4B-00C04F79EFBC}") = "Pacman.Model", "Pacman.Model\Pacman.Model.csproj", "{1D5AA3DC-B4E2-4FFF-BB36-19B257187AF3}"
EndProject
Project("{FAE04EC0-301F-11D3-BF4B-00C04F79EFBC}") = "Pacman.ConsoleApp", "Pacman.ConsoleApp\Pacman.ConsoleApp.csproj", "{2B45C2B3-CEE5-46BB-9583-CE8D1AB9152E}"
EndProject
Project("{FAE04EC0-301F-11D3-BF4B-00C04F79EFBC}") = "RomanNumerals.Model", "RomanNumerals.Model\RomanNumerals.Model.csproj", "{77268B15-6CA4-40CC-9885-BEE1F643D229}"
EndProject
Project("{FAE04EC0-301F-11D3-BF4B-00C04F79EFBC}") = "RomanNumerals.ConsoleApp", "RomanNumerals.ConsoleApp\RomanNumerals.ConsoleApp.csproj", "{A713A4E1-281B-4549-86CC-DCD41F7FDE42}"
EndProject
Project("{FAE04EC0-301F-11D3-BF4B-00C04F79EFBC}") = "StringCalculator.Model", "StringCalculator.Model\StringCalculator.Model.csproj", "{7E23C46A-EC42-42C8-B1C9-16C7F72AB6F7}"
EndProject
Project("{FAE04EC0-301F-11D3-BF4B-00C04F79EFBC}") = "StringCalculator.ConsoleApp", "StringCalculator.ConsoleApp\StringCalculator.ConsoleApp.csproj", "{7417A8FC-4844-4D95-802B-DBD0D33C1FEA}"
EndProject
Project("{FAE04EC0-301F-11D3-BF4B-00C04F79EFBC}") = "RomanNumerals.Test", "RomanNumerals.Test\RomanNumerals.Test.csproj", "{12C91C30-9D84-4E54-B608-3407307FC807}"
EndProject
Global
	GlobalSection(SolutionConfigurationPlatforms) = preSolution
		Debug|Any CPU = Debug|Any CPU
		Debug|x64 = Debug|x64
		Debug|x86 = Debug|x86
		Release|Any CPU = Release|Any CPU
		Release|x64 = Release|x64
		Release|x86 = Release|x86
	EndGlobalSection
	GlobalSection(ProjectConfigurationPlatforms) = postSolution
		{6E3D4878-9AE9-4FDB-9E80-FB4623F51B90}.Debug|Any CPU.ActiveCfg = Debug|Any CPU
		{6E3D4878-9AE9-4FDB-9E80-FB4623F51B90}.Debug|Any CPU.Build.0 = Debug|Any CPU
		{6E3D4878-9AE9-4FDB-9E80-FB4623F51B90}.Debug|x64.ActiveCfg = Debug|Any CPU
		{6E3D4878-9AE9-4FDB-9E80-FB4623F51B90}.Debug|x64.Build.0 = Debug|Any CPU
		{6E3D4878-9AE9-4FDB-9E80-FB4623F51B90}.Debug|x86.ActiveCfg = Debug|Any CPU
		{6E3D4878-9AE9-4FDB-9E80-FB4623F51B90}.Debug|x86.Build.0 = Debug|Any CPU
		{6E3D4878-9AE9-4FDB-9E80-FB4623F51B90}.Release|Any CPU.ActiveCfg = Release|Any CPU
		{6E3D4878-9AE9-4FDB-9E80-FB4623F51B90}.Release|Any CPU.Build.0 = Release|Any CPU
		{6E3D4878-9AE9-4FDB-9E80-FB4623F51B90}.Release|x64.ActiveCfg = Release|Any CPU
		{6E3D4878-9AE9-4FDB-9E80-FB4623F51B90}.Release|x64.Build.0 = Release|Any CPU
		{6E3D4878-9AE9-4FDB-9E80-FB4623F51B90}.Release|x86.ActiveCfg = Release|Any CPU
		{6E3D4878-9AE9-4FDB-9E80-FB4623F51B90}.Release|x86.Build.0 = Release|Any CPU
		{FF6EB531-172A-42A2-B898-D430E9732D30}.Debug|Any CPU.ActiveCfg = Debug|Any CPU
		{FF6EB531-172A-42A2-B898-D430E9732D30}.Debug|Any CPU.Build.0 = Debug|Any CPU
		{FF6EB531-172A-42A2-B898-D430E9732D30}.Debug|x64.ActiveCfg = Debug|Any CPU
		{FF6EB531-172A-42A2-B898-D430E9732D30}.Debug|x64.Build.0 = Debug|Any CPU
		{FF6EB531-172A-42A2-B898-D430E9732D30}.Debug|x86.ActiveCfg = Debug|Any CPU
		{FF6EB531-172A-42A2-B898-D430E9732D30}.Debug|x86.Build.0 = Debug|Any CPU
		{FF6EB531-172A-42A2-B898-D430E9732D30}.Release|Any CPU.ActiveCfg = Release|Any CPU
		{FF6EB531-172A-42A2-B898-D430E9732D30}.Release|Any CPU.Build.0 = Release|Any CPU
		{FF6EB531-172A-42A2-B898-D430E9732D30}.Release|x64.ActiveCfg = Release|Any CPU
		{FF6EB531-172A-42A2-B898-D430E9732D30}.Release|x64.Build.0 = Release|Any CPU
		{FF6EB531-172A-42A2-B898-D430E9732D30}.Release|x86.ActiveCfg = Release|Any CPU
		{FF6EB531-172A-42A2-B898-D430E9732D30}.Release|x86.Build.0 = Release|Any CPU
		{1D5AA3DC-B4E2-4FFF-BB36-19B257187AF3}.Debug|Any CPU.ActiveCfg = Debug|Any CPU
		{1D5AA3DC-B4E2-4FFF-BB36-19B257187AF3}.Debug|Any CPU.Build.0 = Debug|Any CPU
		{1D5AA3DC-B4E2-4FFF-BB36-19B257187AF3}.Debug|x64.ActiveCfg = Debug|Any CPU
		{1D5AA3DC-B4E2-4FFF-BB36-19B257187AF3}.Debug|x64.Build.0 = Debug|Any CPU
		{1D5AA3DC-B4E2-4FFF-BB36-19B257187AF3}.Debug|x86.ActiveCfg = Debug|Any CPU
		{1D5AA3DC-B4E2-4FFF-BB36-19B257187AF3}.Debug|x86.Build.0 = Debug|Any CPU
		{1D5AA3DC-B4E2-4FFF-BB36-19B257187AF3}.Release|Any CPU.ActiveCfg = Release|Any CPU
		{1D5AA3DC-B4E2-4FFF-BB36-19B257187AF3}.Release|Any CPU.Build.0 = Release|Any CPU
		{1D5AA3DC-B4E2-4FFF-BB36-19B257187AF3}.Release|x64.ActiveCfg = Release|Any CPU
		{1D5AA3DC-B4E2-4FFF-BB36-19B257187AF3}.Release|x64.Build.0 = Release|Any CPU
		{1D5AA3DC-B4E2-4FFF-BB36-19B257187AF3}.Release|x86.ActiveCfg = Release|Any CPU
		{1D5AA3DC-B4E2-4FFF-BB36-19B257187AF3}.Release|x86.Build.0 = Release|Any CPU
		{2B45C2B3-CEE5-46BB-9583-CE8D1AB9152E}.Debug|Any CPU.ActiveCfg = Debug|Any CPU
		{2B45C2B3-CEE5-46BB-9583-CE8D1AB9152E}.Debug|Any CPU.Build.0 = Debug|Any CPU
		{2B45C2B3-CEE5-46BB-9583-CE8D1AB9152E}.Debug|x64.ActiveCfg = Debug|Any CPU
		{2B45C2B3-CEE5-46BB-9583-CE8D1AB9152E}.Debug|x64.Build.0 = Debug|Any CPU
		{2B45C2B3-CEE5-46BB-9583-CE8D1AB9152E}.Debug|x86.ActiveCfg = Debug|Any CPU
		{2B45C2B3-CEE5-46BB-9583-CE8D1AB9152E}.Debug|x86.Build.0 = Debug|Any CPU
		{2B45C2B3-CEE5-46BB-9583-CE8D1AB9152E}.Release|Any CPU.ActiveCfg = Release|Any CPU
		{2B45C2B3-CEE5-46BB-9583-CE8D1AB9152E}.Release|Any CPU.Build.0 = Release|Any CPU
		{2B45C2B3-CEE5-46BB-9583-CE8D1AB9152E}.Release|x64.ActiveCfg = Release|Any CPU
		{2B45C2B3-CEE5-46BB-9583-CE8D1AB9152E}.Release|x64.Build.0 = Release|Any CPU
		{2B45C2B3-CEE5-46BB-9583-CE8D1AB9152E}.Release|x86.ActiveCfg = Release|Any CPU
		{2B45C2B3-CEE5-46BB-9583-CE8D1AB9152E}.Release|x86.Build.0 = Release|Any CPU
		{77268B15-6CA4-40CC-9885-BEE1F643D229}.Debug|Any CPU.ActiveCfg = Debug|Any CPU
		{77268B15-6CA4-40CC-9885-BEE1F643D229}.Debug|Any CPU.Build.0 = Debug|Any CPU
		{77268B15-6CA4-40CC-9885-BEE1F643D229}.Debug|x64.ActiveCfg = Debug|Any CPU
		{77268B15-6CA4-40CC-9885-BEE1F643D229}.Debug|x64.Build.0 = Debug|Any CPU
		{77268B15-6CA4-40CC-9885-BEE1F643D229}.Debug|x86.ActiveCfg = Debug|Any CPU
		{77268B15-6CA4-40CC-9885-BEE1F643D229}.Debug|x86.Build.0 = Debug|Any CPU
		{77268B15-6CA4-40CC-9885-BEE1F643D229}.Release|Any CPU.ActiveCfg = Release|Any CPU
		{77268B15-6CA4-40CC-9885-BEE1F643D229}.Release|Any CPU.Build.0 = Release|Any CPU
		{77268B15-6CA4-40CC-9885-BEE1F643D229}.Release|x64.ActiveCfg = Release|Any CPU
		{77268B15-6CA4-40CC-9885-BEE1F643D229}.Release|x64.Build.0 = Release|Any CPU
		{77268B15-6CA4-40CC-9885-BEE1F643D229}.Release|x86.ActiveCfg = Release|Any CPU
		{77268B15-6CA4-40CC-9885-BEE1F643D229}.Release|x86.Build.0 = Release|Any CPU
		{A713A4E1-281B-4549-86CC-DCD41F7FDE42}.Debug|Any CPU.ActiveCfg = Debug|Any CPU
		{A713A4E1-281B-4549-86CC-DCD41F7FDE42}.Debug|Any CPU.Build.0 = Debug|Any CPU
		{A713A4E1-281B-4549-86CC-DCD41F7FDE42}.Debug|x64.ActiveCfg = Debug|Any CPU
		{A713A4E1-281B-4549-86CC-DCD41F7FDE42}.Debug|x64.Build.0 = Debug|Any CPU
		{A713A4E1-281B-4549-86CC-DCD41F7FDE42}.Debug|x86.ActiveCfg = Debug|Any CPU
		{A713A4E1-281B-4549-86CC-DCD41F7FDE42}.Debug|x86.Build.0 = Debug|Any CPU
		{A713A4E1-281B-4549-86CC-DCD41F7FDE42}.Release|Any CPU.ActiveCfg = Release|Any CPU
		{A713A4E1-281B-4549-86CC-DCD41F7FDE42}.Release|Any CPU.Build.0 = Release|Any CPU
		{A713A4E1-281B-4549-86CC-DCD41F7FDE42}.Release|x64.ActiveCfg = Release|Any CPU
		{A713A4E1-281B-4549-86CC-DCD41F7FDE42}.Release|x64.Build.0 = Release|Any CPU
		{A713A4E1-281B-4549-86CC-DCD41F7FDE42}.Release|x86.ActiveCfg = Release|Any CPU
		{A713A4E1-281B-4549-86CC-DCD41F7FDE42}.Release|x86.Build.0 = Release|Any CPU
		{7E23C46A-EC42-42C8-B1C9-16C7F72AB6F7}.Debug|Any CPU.ActiveCfg = Debug|Any CPU
		{7E23C46A-EC42-42C8-B1C9-16C7F72AB6F7}.Debug|Any CPU.Build.0 = Debug|Any CPU
		{7E23C46A-EC42-42C8-B1C9-16C7F72AB6F7}.Debug|x64.ActiveCfg = Debug|Any CPU
		{7E23C46A-EC42-42C8-B1C9-16C7F72AB6F7}.Debug|x64.Build.0 = Debug|Any CPU
		{7E23C46A-EC42-42C8-B1C9-16C7F72AB6F7}.Debug|x86.ActiveCfg = Debug|Any CPU
		{7E23C46A-EC42-42C8-B1C9-16C7F72AB6F7}.Debug|x86.Build.0 = Debug|Any CPU
		{7E23C46A-EC42-42C8-B1C9-16C7F72AB6F7}.Release|Any CPU.ActiveCfg = Release|Any CPU
		{7E23C46A-EC42-42C8-B1C9-16C7F72AB6F7}.Release|Any CPU.Build.0 = Release|Any CPU
		{7E23C46A-EC42-42C8-B1C9-16C7F72AB6F7}.Release|x64.ActiveCfg = Release|Any CPU
		{7E23C46A-EC42-42C8-B1C9-16C7F72AB6F7}.Release|x64.Build.0 = Release|Any CPU
		{7E23C46A-EC42-42C8-B1C9-16C7F72AB6F7}.Release|x86.ActiveCfg = Release|Any CPU
		{7E23C46A-EC42-42C8-B1C9-16C7F72AB6F7}.Release|x86.Build.0 = Release|Any CPU
		{7417A8FC-4844-4D95-802B-DBD0D33C1FEA}.Debug|Any CPU.ActiveCfg = Debug|Any CPU
		{7417A8FC-4844-4D95-802B-DBD0D33C1FEA}.Debug|Any CPU.Build.0 = Debug|Any CPU
		{7417A8FC-4844-4D95-802B-DBD0D33C1FEA}.Debug|x64.ActiveCfg = Debug|Any CPU
		{7417A8FC-4844-4D95-802B-DBD0D33C1FEA}.Debug|x64.Build.0 = Debug|Any CPU
		{7417A8FC-4844-4D95-802B-DBD0D33C1FEA}.Debug|x86.ActiveCfg = Debug|Any CPU
		{7417A8FC-4844-4D95-802B-DBD0D33C1FEA}.Debug|x86.Build.0 = Debug|Any CPU
		{7417A8FC-4844-4D95-802B-DBD0D33C1FEA}.Release|Any CPU.ActiveCfg = Release|Any CPU
		{7417A8FC-4844-4D95-802B-DBD0D33C1FEA}.Release|Any CPU.Build.0 = Release|Any CPU
		{7417A8FC-4844-4D95-802B-DBD0D33C1FEA}.Release|x64.ActiveCfg = Release|Any CPU
		{7417A8FC-4844-4D95-802B-DBD0D33C1FEA}.Release|x64.Build.0 = Release|Any CPU
		{7417A8FC-4844-4D95-802B-DBD0D33C1FEA}.Release|x86.ActiveCfg = Release|Any CPU
		{7417A8FC-4844-4D95-802B-DBD0D33C1FEA}.Release|x86.Build.0 = Release|Any CPU
		{12C91C30-9D84-4E54-B608-3407307FC807}.Debug|Any CPU.ActiveCfg = Debug|Any CPU
		{12C91C30-9D84-4E54-B608-3407307FC807}.Debug|Any CPU.Build.0 = Debug|Any CPU
		{12C91C30-9D84-4E54-B608-3407307FC807}.Debug|x64.ActiveCfg = Debug|Any CPU
		{12C91C30-9D84-4E54-B608-3407307FC807}.Debug|x64.Build.0 = Debug|Any CPU
		{12C91C30-9D84-4E54-B608-3407307FC807}.Debug|x86.ActiveCfg = Debug|Any CPU
		{12C91C30-9D84-4E54-B608-3407307FC807}.Debug|x86.Build.0 = Debug|Any CPU
		{12C91C30-9D84-4E54-B608-3407307FC807}.Release|Any CPU.ActiveCfg = Release|Any CPU
		{12C91C30-9D84-4E54-B608-3407307FC807}.Release|Any CPU.Build.0 = Release|Any CPU
		{12C91C30-9D84-4E54-B608-3407307FC807}.Release|x64.ActiveCfg = Release|Any CPU
		{12C91C30-9D84-4E54-B608-3407307FC807}.Release|x64.Build.0 = Release|Any CPU
		{12C91C30-9D84-4E54-B608-3407307FC807}.Release|x86.ActiveCfg = Release|Any CPU
		{12C91C30-9D84-4E54-B608-3407307FC807}.Release|x86.Build.0 = Release|Any CPU
	EndGlobalSection
	GlobalSection(SolutionProperties) = preSolution
		HideSolutionNode = FALSE
	EndGlobalSection
	GlobalSection(NestedProjects) = preSolution
		{6E3D4878-9AE9-4FDB-9E80-FB4623F51B90} = {5F7EC460-9C52-49A2-B640-26234D6B1100}
		{FF6EB531-172A-42A2-B898-D430E9732D30} = {5F7EC460-9C52-49A2-B640-26234D6B1100}
		{1D5AA3DC-B4E2-4FFF-BB36-19B257187AF3} = {0DFB1AE6-AB9D-45D6-A2CE-81F46326E5CE}
		{2B45C2B3-CEE5-46BB-9583-CE8D1AB9152E} = {0DFB1AE6-AB9D-45D6-A2CE-81F46326E5CE}
		{77268B15-6CA4-40CC-9885-BEE1F643D229} = {F8D33701-FCDA-4738-BDD9-425C48E6C090}
		{A713A4E1-281B-4549-86CC-DCD41F7FDE42} = {F8D33701-FCDA-4738-BDD9-425C48E6C090}
		{7E23C46A-EC42-42C8-B1C9-16C7F72AB6F7} = {E7D43946-ACC5-4333-9EA2-9B4DAB605F99}
		{7417A8FC-4844-4D95-802B-DBD0D33C1FEA} = {E7D43946-ACC5-4333-9EA2-9B4DAB605F99}
		{12C91C30-9D84-4E54-B608-3407307FC807} = {F8D33701-FCDA-4738-BDD9-425C48E6C090}
	EndGlobalSection
	GlobalSection(ExtensibilityGlobals) = postSolution
		SolutionGuid = {737F0B20-B564-454B-96F6-053973F77034}
	EndGlobalSection
EndGlobal
